// !$*UTF8*$!
{
	archiveVersion = 1;
	classes = {
	};
	objectVersion = 46;
	objects = {

/* Begin PBXBuildFile section */
		593F1ECE15E0FA8900417B76 /* ItemDetailsViewController.m in Sources */ = {isa = PBXBuildFile; fileRef = 593F1ECC15E0FA8900417B76 /* ItemDetailsViewController.m */; };
		593F1ECF15E0FA8900417B76 /* ItemDetailsViewController.xib in Resources */ = {isa = PBXBuildFile; fileRef = 593F1ECD15E0FA8900417B76 /* ItemDetailsViewController.xib */; };
		59EB434415D7B236002CA7FF /* UIKit.framework in Frameworks */ = {isa = PBXBuildFile; fileRef = 59EB434315D7B236002CA7FF /* UIKit.framework */; };
		59EB434615D7B236002CA7FF /* Foundation.framework in Frameworks */ = {isa = PBXBuildFile; fileRef = 59EB434515D7B236002CA7FF /* Foundation.framework */; };
		59EB434815D7B236002CA7FF /* CoreGraphics.framework in Frameworks */ = {isa = PBXBuildFile; fileRef = 59EB434715D7B236002CA7FF /* CoreGraphics.framework */; };
		59EB434E15D7B236002CA7FF /* InfoPlist.strings in Resources */ = {isa = PBXBuildFile; fileRef = 59EB434C15D7B236002CA7FF /* InfoPlist.strings */; };
		59EB435015D7B236002CA7FF /* main.m in Sources */ = {isa = PBXBuildFile; fileRef = 59EB434F15D7B236002CA7FF /* main.m */; };
		59EB435415D7B236002CA7FF /* AppDelegate.m in Sources */ = {isa = PBXBuildFile; fileRef = 59EB435315D7B236002CA7FF /* AppDelegate.m */; };
		59EB435715D7B236002CA7FF /* ViewController.m in Sources */ = {isa = PBXBuildFile; fileRef = 59EB435615D7B236002CA7FF /* ViewController.m */; };
		59EB435A15D7B236002CA7FF /* ViewController.xib in Resources */ = {isa = PBXBuildFile; fileRef = 59EB435815D7B236002CA7FF /* ViewController.xib */; };
		59EB436215D7B273002CA7FF /* ShoppingItem.m in Sources */ = {isa = PBXBuildFile; fileRef = 59EB436115D7B273002CA7FF /* ShoppingItem.m */; };
		59EB436515D7B499002CA7FF /* ShoppingList.m in Sources */ = {isa = PBXBuildFile; fileRef = 59EB436415D7B499002CA7FF /* ShoppingList.m */; };
/* End PBXBuildFile section */

/* Begin PBXFileReference section */
		593F1ECB15E0FA8900417B76 /* ItemDetailsViewController.h */ = {isa = PBXFileReference; fileEncoding = 4; lastKnownFileType = sourcecode.c.h; path = ItemDetailsViewController.h; sourceTree = "<group>"; };
		593F1ECC15E0FA8900417B76 /* ItemDetailsViewController.m */ = {isa = PBXFileReference; fileEncoding = 4; lastKnownFileType = sourcecode.c.objc; path = ItemDetailsViewController.m; sourceTree = "<group>"; };
		593F1ECD15E0FA8900417B76 /* ItemDetailsViewController.xib */ = {isa = PBXFileReference; fileEncoding = 4; lastKnownFileType = file.xib; path = ItemDetailsViewController.xib; sourceTree = "<group>"; };
		59EB433F15D7B236002CA7FF /* Assignment 2.app */ = {isa = PBXFileReference; explicitFileType = wrapper.application; includeInIndex = 0; path = "Assignment 2.app"; sourceTree = BUILT_PRODUCTS_DIR; };
		59EB434315D7B236002CA7FF /* UIKit.framework */ = {isa = PBXFileReference; lastKnownFileType = wrapper.framework; name = UIKit.framework; path = System/Library/Frameworks/UIKit.framework; sourceTree = SDKROOT; };
		59EB434515D7B236002CA7FF /* Foundation.framework */ = {isa = PBXFileReference; lastKnownFileType = wrapper.framework; name = Foundation.framework; path = System/Library/Frameworks/Foundation.framework; sourceTree = SDKROOT; };
		59EB434715D7B236002CA7FF /* CoreGraphics.framework */ = {isa = PBXFileReference; lastKnownFileType = wrapper.framework; name = CoreGraphics.framework; path = System/Library/Frameworks/CoreGraphics.framework; sourceTree = SDKROOT; };
		59EB434B15D7B236002CA7FF /* Assignment 2-Info.plist */ = {isa = PBXFileReference; lastKnownFileType = text.plist.xml; path = "Assignment 2-Info.plist"; sourceTree = "<group>"; };
		59EB434D15D7B236002CA7FF /* en */ = {isa = PBXFileReference; lastKnownFileType = text.plist.strings; name = en; path = en.lproj/InfoPlist.strings; sourceTree = "<group>"; };
		59EB434F15D7B236002CA7FF /* main.m */ = {isa = PBXFileReference; lastKnownFileType = sourcecode.c.objc; path = main.m; sourceTree = "<group>"; };
		59EB435115D7B236002CA7FF /* Assignment 2-Prefix.pch */ = {isa = PBXFileReference; lastKnownFileType = sourcecode.c.h; path = "Assignment 2-Prefix.pch"; sourceTree = "<group>"; };
		59EB435215D7B236002CA7FF /* AppDelegate.h */ = {isa = PBXFileReference; lastKnownFileType = sourcecode.c.h; path = AppDelegate.h; sourceTree = "<group>"; };
		59EB435315D7B236002CA7FF /* AppDelegate.m */ = {isa = PBXFileReference; lastKnownFileType = sourcecode.c.objc; path = AppDelegate.m; sourceTree = "<group>"; };
		59EB435515D7B236002CA7FF /* ViewController.h */ = {isa = PBXFileReference; lastKnownFileType = sourcecode.c.h; path = ViewController.h; sourceTree = "<group>"; };
		59EB435615D7B236002CA7FF /* ViewController.m */ = {isa = PBXFileReference; lastKnownFileType = sourcecode.c.objc; path = ViewController.m; sourceTree = "<group>"; };
		59EB435915D7B236002CA7FF /* en */ = {isa = PBXFileReference; lastKnownFileType = file.xib; name = en; path = en.lproj/ViewController.xib; sourceTree = "<group>"; };
		59EB436015D7B273002CA7FF /* ShoppingItem.h */ = {isa = PBXFileReference; fileEncoding = 4; lastKnownFileType = sourcecode.c.h; path = ShoppingItem.h; sourceTree = "<group>"; };
		59EB436115D7B273002CA7FF /* ShoppingItem.m */ = {isa = PBXFileReference; fileEncoding = 4; lastKnownFileType = sourcecode.c.objc; path = ShoppingItem.m; sourceTree = "<group>"; };
		59EB436315D7B499002CA7FF /* ShoppingList.h */ = {isa = PBXFileReference; fileEncoding = 4; lastKnownFileType = sourcecode.c.h; path = ShoppingList.h; sourceTree = "<group>"; };
		59EB436415D7B499002CA7FF /* ShoppingList.m */ = {isa = PBXFileReference; fileEncoding = 4; lastKnownFileType = sourcecode.c.objc; path = ShoppingList.m; sourceTree = "<group>"; };
/* End PBXFileReference section */

/* Begin PBXFrameworksBuildPhase section */
		59EB433C15D7B236002CA7FF /* Frameworks */ = {
			isa = PBXFrameworksBuildPhase;
			buildActionMask = 2147483647;
			files = (
				59EB434415D7B236002CA7FF /* UIKit.framework in Frameworks */,
				59EB434615D7B236002CA7FF /* Foundation.framework in Frameworks */,
				59EB434815D7B236002CA7FF /* CoreGraphics.framework in Frameworks */,
			);
			runOnlyForDeploymentPostprocessing = 0;
		};
/* End PBXFrameworksBuildPhase section */

/* Begin PBXGroup section */
		59EB433415D7B236002CA7FF = {
			isa = PBXGroup;
			children = (
				59EB434915D7B236002CA7FF /* Assignment 2 */,
				59EB434215D7B236002CA7FF /* Frameworks */,
				59EB434015D7B236002CA7FF /* Products */,
			);
			sourceTree = "<group>";
		};
		59EB434015D7B236002CA7FF /* Products */ = {
			isa = PBXGroup;
			children = (
				59EB433F15D7B236002CA7FF /* Assignment 2.app */,
			);
			name = Products;
			sourceTree = "<group>";
		};
		59EB434215D7B236002CA7FF /* Frameworks */ = {
			isa = PBXGroup;
			children = (
				59EB434315D7B236002CA7FF /* UIKit.framework */,
				59EB434515D7B236002CA7FF /* Foundation.framework */,
				59EB434715D7B236002CA7FF /* CoreGraphics.framework */,
			);
			name = Frameworks;
			sourceTree = "<group>";
		};
		59EB434915D7B236002CA7FF /* Assignment 2 */ = {
			isa = PBXGroup;
			children = (
				59EB435215D7B236002CA7FF /* AppDelegate.h */,
				59EB435315D7B236002CA7FF /* AppDelegate.m */,
				59EB435515D7B236002CA7FF /* ViewController.h */,
				59EB435615D7B236002CA7FF /* ViewController.m */,
				59EB435815D7B236002CA7FF /* ViewController.xib */,
				59EB434A15D7B236002CA7FF /* Supporting Files */,
				59EB436015D7B273002CA7FF /* ShoppingItem.h */,
				59EB436115D7B273002CA7FF /* ShoppingItem.m */,
				59EB436315D7B499002CA7FF /* ShoppingList.h */,
				59EB436415D7B499002CA7FF /* ShoppingList.m */,
				593F1ECB15E0FA8900417B76 /* ItemDetailsViewController.h */,
				593F1ECC15E0FA8900417B76 /* ItemDetailsViewController.m */,
				593F1ECD15E0FA8900417B76 /* ItemDetailsViewController.xib */,
			);
			path = "Assignment 2";
			sourceTree = "<group>";
		};
		59EB434A15D7B236002CA7FF /* Supporting Files */ = {
			isa = PBXGroup;
			children = (
				59EB434B15D7B236002CA7FF /* Assignment 2-Info.plist */,
				59EB434C15D7B236002CA7FF /* InfoPlist.strings */,
				59EB434F15D7B236002CA7FF /* main.m */,
				59EB435115D7B236002CA7FF /* Assignment 2-Prefix.pch */,
			);
			name = "Supporting Files";
			sourceTree = "<group>";
		};
/* End PBXGroup section */

/* Begin PBXNativeTarget section */
		59EB433E15D7B236002CA7FF /* Assignment 2 */ = {
			isa = PBXNativeTarget;
			buildConfigurationList = 59EB435D15D7B236002CA7FF /* Build configuration list for PBXNativeTarget "Assignment 2" */;
			buildPhases = (
				59EB433B15D7B236002CA7FF /* Sources */,
				59EB433C15D7B236002CA7FF /* Frameworks */,
				59EB433D15D7B236002CA7FF /* Resources */,
			);
			buildRules = (
			);
			dependencies = (
			);
			name = "Assignment 2";
			productName = "Assignment 2";
			productReference = 59EB433F15D7B236002CA7FF /* Assignment 2.app */;
			productType = "com.apple.product-type.application";
		};
/* End PBXNativeTarget section */

/* Begin PBXProject section */
		59EB433615D7B236002CA7FF /* Project object */ = {
			isa = PBXProject;
			attributes = {
				LastUpgradeCheck = 0440;
				ORGANIZATIONNAME = "Karim Ainine";
			};
			buildConfigurationList = 59EB433915D7B236002CA7FF /* Build configuration list for PBXProject "Assignment 2" */;
			compatibilityVersion = "Xcode 3.2";
			developmentRegion = English;
			hasScannedForEncodings = 0;
			knownRegions = (
				en,
			);
			mainGroup = 59EB433415D7B236002CA7FF;
			productRefGroup = 59EB434015D7B236002CA7FF /* Products */;
			projectDirPath = "";
			projectRoot = "";
			targets = (
				59EB433E15D7B236002CA7FF /* Assignment 2 */,
			);
		};
/* End PBXProject section */

/* Begin PBXResourcesBuildPhase section */
		59EB433D15D7B236002CA7FF /* Resources */ = {
			isa = PBXResourcesBuildPhase;
			buildActionMask = 2147483647;
			files = (
				59EB434E15D7B236002CA7FF /* InfoPlist.strings in Resources */,
				59EB435A15D7B236002CA7FF /* ViewController.xib in Resources */,
				593F1ECF15E0FA8900417B76 /* ItemDetailsViewController.xib in Resources */,
			);
			runOnlyForDeploymentPostprocessing = 0;
		};
/* End PBXResourcesBuildPhase section */

/* Begin PBXSourcesBuildPhase section */
		59EB433B15D7B236002CA7FF /* Sources */ = {
			isa = PBXSourcesBuildPhase;
			buildActionMask = 2147483647;
			files = (
				59EB435015D7B236002CA7FF /* main.m in Sources */,
				59EB435415D7B236002CA7FF /* AppDelegate.m in Sources */,
				59EB435715D7B236002CA7FF /* ViewController.m in Sources */,
				59EB436215D7B273002CA7FF /* ShoppingItem.m in Sources */,
				59EB436515D7B499002CA7FF /* ShoppingList.m in Sources */,
				593F1ECE15E0FA8900417B76 /* ItemDetailsViewController.m in Sources */,
			);
			runOnlyForDeploymentPostprocessing = 0;
		};
/* End PBXSourcesBuildPhase section */

/* Begin PBXVariantGroup section */
		59EB434C15D7B236002CA7FF /* InfoPlist.strings */ = {
			isa = PBXVariantGroup;
			children = (
				59EB434D15D7B236002CA7FF /* en */,
			);
			name = InfoPlist.strings;
			sourceTree = "<group>";
		};
		59EB435815D7B236002CA7FF /* ViewController.xib */ = {
			isa = PBXVariantGroup;
			children = (
				59EB435915D7B236002CA7FF /* en */,
			);
			name = ViewController.xib;
			sourceTree = "<group>";
		};
/* End PBXVariantGroup section */

/* Begin XCBuildConfiguration section */
		59EB435B15D7B236002CA7FF /* Debug */ = {
			isa = XCBuildConfiguration;
			buildSettings = {
				ALWAYS_SEARCH_USER_PATHS = NO;
				ARCHS = "$(ARCHS_STANDARD_32_BIT)";
				CLANG_CXX_LANGUAGE_STANDARD = "gnu++0x";
				CLANG_ENABLE_OBJC_ARC = YES;
				CLANG_WARN__DUPLICATE_METHOD_MATCH = YES;
				"CODE_SIGN_IDENTITY[sdk=iphoneos*]" = "iPhone Developer";
				COPY_PHASE_STRIP = NO;
				GCC_C_LANGUAGE_STANDARD = gnu99;
				GCC_DYNAMIC_NO_PIC = NO;
				GCC_OPTIMIZATION_LEVEL = 0;
				GCC_PREPROCESSOR_DEFINITIONS = (
					"DEBUG=1",
					"$(inherited)",
				);
				GCC_SYMBOLS_PRIVATE_EXTERN = NO;
				GCC_VERSION = com.apple.compilers.llvm.clang.1_0;
				GCC_WARN_ABOUT_RETURN_TYPE = YES;
				GCC_WARN_UNINITIALIZED_AUTOS = YES;
				GCC_WARN_UNUSED_VARIABLE = YES;
				IPHONEOS_DEPLOYMENT_TARGET = 5.1;
				SDKROOT = iphoneos;
			};
			name = Debug;
		};
		59EB435C15D7B236002CA7FF /* Release */ = {
			isa = XCBuildConfiguration;
			buildSettings = {
				ALWAYS_SEARCH_USER_PATHS = NO;
				ARCHS = "$(ARCHS_STANDARD_32_BIT)";
				CLANG_CXX_LANGUAGE_STANDARD = "gnu++0x";
				CLANG_ENABLE_OBJC_ARC = YES;
				CLANG_WARN__DUPLICATE_METHOD_MATCH = YES;
				"CODE_SIGN_IDENTITY[sdk=iphoneos*]" = "iPhone Developer";
				COPY_PHASE_STRIP = YES;
				GCC_C_LANGUAGE_STANDARD = gnu99;
				GCC_VERSION = com.apple.compilers.llvm.clang.1_0;
				GCC_WARN_ABOUT_RETURN_TYPE = YES;
				GCC_WARN_UNINITIALIZED_AUTOS = YES;
				GCC_WARN_UNUSED_VARIABLE = YES;
				IPHONEOS_DEPLOYMENT_TARGET = 5.1;
				OTHER_CFLAGS = "-DNS_BLOCK_ASSERTIONS=1";
				SDKROOT = iphoneos;
				VALIDATE_PRODUCT = YES;
			};
			name = Release;
		};
		59EB435E15D7B236002CA7FF /* Debug */ = {
			isa = XCBuildConfiguration;
			buildSettings = {
				GCC_PRECOMPILE_PREFIX_HEADER = YES;
				GCC_PREFIX_HEADER = "Assignment 2/Assignment 2-Prefix.pch";
				INFOPLIST_FILE = "Assignment 2/Assignment 2-Info.plist";
				PRODUCT_NAME = "$(TARGET_NAME)";
				WRAPPER_EXTENSION = app;
			};
			name = Debug;
		};
		59EB435F15D7B236002CA7FF /* Release */ = {
			isa = XCBuildConfiguration;
			buildSettings = {
				GCC_PRECOMPILE_PREFIX_HEADER = YES;
				GCC_PREFIX_HEADER = "Assignment 2/Assignment 2-Prefix.pch";
				INFOPLIST_FILE = "Assignment 2/Assignment 2-Info.plist";
				PRODUCT_NAME = "$(TARGET_NAME)";
				WRAPPER_EXTENSION = app;
			};
			name = Release;
		};
/* End XCBuildConfiguration section */

/* Begin XCConfigurationList section */
		59EB433915D7B236002CA7FF /* Build configuration list for PBXProject "Assignment 2" */ = {
			isa = XCConfigurationList;
			buildConfigurations = (
				59EB435B15D7B236002CA7FF /* Debug */,
				59EB435C15D7B236002CA7FF /* Release */,
			);
			defaultConfigurationIsVisible = 0;
			defaultConfigurationName = Release;
		};
		59EB435D15D7B236002CA7FF /* Build configuration list for PBXNativeTarget "Assignment 2" */ = {
			isa = XCConfigurationList;
			buildConfigurations = (
				59EB435E15D7B236002CA7FF /* Debug */,
				59EB435F15D7B236002CA7FF /* Release */,
			);
			defaultConfigurationIsVisible = 0;
			defaultConfigurationName = Release;
		};
/* End XCConfigurationList section */
	};
	rootObject = 59EB433615D7B236002CA7FF /* Project object */;
}
